
Microsoft Visual Studio Solution File, Format Version 12.00
# Visual Studio Version 17
VisualStudioVersion = 17.13.35828.75
MinimumVisualStudioVersion = 10.0.40219.1
Project("{FAE04EC0-301F-11D3-BF4B-00C04F79EFBC}") = "LibraryApp.Data", "LibraryApp.Data\LibraryApp.Data.csproj", "{2BEF8555-93C9-44FC-993F-AC9F8784575F}"
EndProject
Project("{FAE04EC0-301F-11D3-BF4B-00C04F79EFBC}") = "LibraryApp.Service", "LibraryApp.Logic\LibraryApp.Service.csproj", "{3A5D5469-F602-463B-A28C-D5385921CF15}"
EndProject
Project("{FAE04EC0-301F-11D3-BF4B-00C04F79EFBC}") = "LibraryApp.PresentationL", "LibraryApp.PresentationL\LibraryApp.PresentationL.csproj", "{F762B73E-B8A9-45F9-B3C0-220FA837F700}"
EndProject
Project("{FAE04EC0-301F-11D3-BF4B-00C04F79EFBC}") = "LibraryApp.Data.Test", "LibraryApp.Data.Test\LibraryApp.Data.Test.csproj", "{FECB1A03-0EB0-4973-A944-95CC78B15EC2}"
EndProject
Project("{FAE04EC0-301F-11D3-BF4B-00C04F79EFBC}") = "LibraryApp.PresentationL.Test", "LibraryApp.PresentationL.Test\LibraryApp.PresentationL.Test.csproj", "{0F8911E0-0A94-49FD-9ADF-AA6AB9713B45}"
EndProject
Project("{FAE04EC0-301F-11D3-BF4B-00C04F79EFBC}") = "LibraryApp.Service.Test", "LibraryApp.Services.Test\LibraryApp.Service.Test.csproj", "{760326F6-410C-4198-9605-FE838569437E}"
	ProjectSection(ProjectDependencies) = postProject
		{2BEF8555-93C9-44FC-993F-AC9F8784575F} = {2BEF8555-93C9-44FC-993F-AC9F8784575F}
		{3A5D5469-F602-463B-A28C-D5385921CF15} = {3A5D5469-F602-463B-A28C-D5385921CF15}
		{F762B73E-B8A9-45F9-B3C0-220FA837F700} = {F762B73E-B8A9-45F9-B3C0-220FA837F700}
	EndProjectSection
EndProject
Global
	GlobalSection(SolutionConfigurationPlatforms) = preSolution
		Debug|Any CPU = Debug|Any CPU
		Release|Any CPU = Release|Any CPU
	EndGlobalSection
	GlobalSection(ProjectConfigurationPlatforms) = postSolution
		{2BEF8555-93C9-44FC-993F-AC9F8784575F}.Debug|Any CPU.ActiveCfg = Debug|Any CPU
		{2BEF8555-93C9-44FC-993F-AC9F8784575F}.Debug|Any CPU.Build.0 = Debug|Any CPU
		{2BEF8555-93C9-44FC-993F-AC9F8784575F}.Release|Any CPU.ActiveCfg = Release|Any CPU
		{2BEF8555-93C9-44FC-993F-AC9F8784575F}.Release|Any CPU.Build.0 = Release|Any CPU
		{3A5D5469-F602-463B-A28C-D5385921CF15}.Debug|Any CPU.ActiveCfg = Debug|Any CPU
		{3A5D5469-F602-463B-A28C-D5385921CF15}.Debug|Any CPU.Build.0 = Debug|Any CPU
		{3A5D5469-F602-463B-A28C-D5385921CF15}.Release|Any CPU.ActiveCfg = Release|Any CPU
		{3A5D5469-F602-463B-A28C-D5385921CF15}.Release|Any CPU.Build.0 = Release|Any CPU
		{F762B73E-B8A9-45F9-B3C0-220FA837F700}.Debug|Any CPU.ActiveCfg = Debug|Any CPU
		{F762B73E-B8A9-45F9-B3C0-220FA837F700}.Debug|Any CPU.Build.0 = Debug|Any CPU
		{F762B73E-B8A9-45F9-B3C0-220FA837F700}.Release|Any CPU.ActiveCfg = Release|Any CPU
		{F762B73E-B8A9-45F9-B3C0-220FA837F700}.Release|Any CPU.Build.0 = Release|Any CPU
		{FECB1A03-0EB0-4973-A944-95CC78B15EC2}.Debug|Any CPU.ActiveCfg = Debug|Any CPU
		{FECB1A03-0EB0-4973-A944-95CC78B15EC2}.Debug|Any CPU.Build.0 = Debug|Any CPU
		{FECB1A03-0EB0-4973-A944-95CC78B15EC2}.Release|Any CPU.ActiveCfg = Release|Any CPU
		{FECB1A03-0EB0-4973-A944-95CC78B15EC2}.Release|Any CPU.Build.0 = Release|Any CPU
		{0F8911E0-0A94-49FD-9ADF-AA6AB9713B45}.Debug|Any CPU.ActiveCfg = Debug|Any CPU
		{0F8911E0-0A94-49FD-9ADF-AA6AB9713B45}.Debug|Any CPU.Build.0 = Debug|Any CPU
		{0F8911E0-0A94-49FD-9ADF-AA6AB9713B45}.Release|Any CPU.ActiveCfg = Release|Any CPU
		{0F8911E0-0A94-49FD-9ADF-AA6AB9713B45}.Release|Any CPU.Build.0 = Release|Any CPU
		{760326F6-410C-4198-9605-FE838569437E}.Debug|Any CPU.ActiveCfg = Debug|Any CPU
		{760326F6-410C-4198-9605-FE838569437E}.Debug|Any CPU.Build.0 = Debug|Any CPU
		{760326F6-410C-4198-9605-FE838569437E}.Release|Any CPU.ActiveCfg = Release|Any CPU
		{760326F6-410C-4198-9605-FE838569437E}.Release|Any CPU.Build.0 = Release|Any CPU
	EndGlobalSection
	GlobalSection(SolutionProperties) = preSolution
		HideSolutionNode = FALSE
	EndGlobalSection
	GlobalSection(ExtensibilityGlobals) = postSolution
		SolutionGuid = {023254CF-75D1-496A-9338-07C88A948EFA}
	EndGlobalSection
EndGlobal
